
Microsoft Visual Studio Solution File, Format Version 12.00
# Visual Studio Version 17
VisualStudioVersion = 17.0.31903.59
MinimumVisualStudioVersion = 10.0.40219.1
Project("{2150E333-8FDC-42A3-9474-1A3956D46DE8}") = "src", "src", "{827E0CD3-B72D-47B6-A68D-7590B98EB39B}"
EndProject
Project("{FAE04EC0-301F-11D3-BF4B-00C04F79EFBC}") = "MetabolicSimulator.Domain", "src\MetabolicSimulator.Domain\MetabolicSimulator.Domain.csproj", "{F1E65033-E0B8-436F-B465-FC47E931B694}"
EndProject
Project("{FAE04EC0-301F-11D3-BF4B-00C04F79EFBC}") = "MetabolicSimulator.Application", "src\MetabolicSimulator.Application\MetabolicSimulator.Application.csproj", "{C9F99CB0-456B-442E-BFF2-BBCA3C21A70E}"
EndProject
Project("{FAE04EC0-301F-11D3-BF4B-00C04F79EFBC}") = "MetabolicSimulator.Infrastructure", "src\MetabolicSimulator.Infrastructure\MetabolicSimulator.Infrastructure.csproj", "{DF9ED272-2D7C-4E34-A668-00491BCE5AF5}"
EndProject
Project("{FAE04EC0-301F-11D3-BF4B-00C04F79EFBC}") = "MetabolicSimulator.Console", "src\MetabolicSimulator.Console\MetabolicSimulator.Console.csproj", "{15E260F3-95CE-47FB-A8F2-75F3BC3BEC2B}"
EndProject
Project("{2150E333-8FDC-42A3-9474-1A3956D46DE8}") = "tests", "tests", "{0AB3BF05-4346-4AA6-1389-037BE0695223}"
EndProject
Project("{FAE04EC0-301F-11D3-BF4B-00C04F79EFBC}") = "MetabolicSimulator.Tests", "tests\MetabolicSimulator.Tests\MetabolicSimulator.Tests.csproj", "{9A34E0E5-D692-486D-B88C-4FD37883C1AE}"
EndProject
Global
	GlobalSection(SolutionConfigurationPlatforms) = preSolution
		Debug|Any CPU = Debug|Any CPU
		Debug|x64 = Debug|x64
		Debug|x86 = Debug|x86
		Release|Any CPU = Release|Any CPU
		Release|x64 = Release|x64
		Release|x86 = Release|x86
	EndGlobalSection
	GlobalSection(ProjectConfigurationPlatforms) = postSolution
		{F1E65033-E0B8-436F-B465-FC47E931B694}.Debug|Any CPU.ActiveCfg = Debug|Any CPU
		{F1E65033-E0B8-436F-B465-FC47E931B694}.Debug|Any CPU.Build.0 = Debug|Any CPU
		{F1E65033-E0B8-436F-B465-FC47E931B694}.Debug|x64.ActiveCfg = Debug|Any CPU
		{F1E65033-E0B8-436F-B465-FC47E931B694}.Debug|x64.Build.0 = Debug|Any CPU
		{F1E65033-E0B8-436F-B465-FC47E931B694}.Debug|x86.ActiveCfg = Debug|Any CPU
		{F1E65033-E0B8-436F-B465-FC47E931B694}.Debug|x86.Build.0 = Debug|Any CPU
		{F1E65033-E0B8-436F-B465-FC47E931B694}.Release|Any CPU.ActiveCfg = Release|Any CPU
		{F1E65033-E0B8-436F-B465-FC47E931B694}.Release|Any CPU.Build.0 = Release|Any CPU
		{F1E65033-E0B8-436F-B465-FC47E931B694}.Release|x64.ActiveCfg = Release|Any CPU
		{F1E65033-E0B8-436F-B465-FC47E931B694}.Release|x64.Build.0 = Release|Any CPU
		{F1E65033-E0B8-436F-B465-FC47E931B694}.Release|x86.ActiveCfg = Release|Any CPU
		{F1E65033-E0B8-436F-B465-FC47E931B694}.Release|x86.Build.0 = Release|Any CPU
		{C9F99CB0-456B-442E-BFF2-BBCA3C21A70E}.Debug|Any CPU.ActiveCfg = Debug|Any CPU
		{C9F99CB0-456B-442E-BFF2-BBCA3C21A70E}.Debug|Any CPU.Build.0 = Debug|Any CPU
		{C9F99CB0-456B-442E-BFF2-BBCA3C21A70E}.Debug|x64.ActiveCfg = Debug|Any CPU
		{C9F99CB0-456B-442E-BFF2-BBCA3C21A70E}.Debug|x64.Build.0 = Debug|Any CPU
		{C9F99CB0-456B-442E-BFF2-BBCA3C21A70E}.Debug|x86.ActiveCfg = Debug|Any CPU
		{C9F99CB0-456B-442E-BFF2-BBCA3C21A70E}.Debug|x86.Build.0 = Debug|Any CPU
		{C9F99CB0-456B-442E-BFF2-BBCA3C21A70E}.Release|Any CPU.ActiveCfg = Release|Any CPU
		{C9F99CB0-456B-442E-BFF2-BBCA3C21A70E}.Release|Any CPU.Build.0 = Release|Any CPU
		{C9F99CB0-456B-442E-BFF2-BBCA3C21A70E}.Release|x64.ActiveCfg = Release|Any CPU
		{C9F99CB0-456B-442E-BFF2-BBCA3C21A70E}.Release|x64.Build.0 = Release|Any CPU
		{C9F99CB0-456B-442E-BFF2-BBCA3C21A70E}.Release|x86.ActiveCfg = Release|Any CPU
		{C9F99CB0-456B-442E-BFF2-BBCA3C21A70E}.Release|x86.Build.0 = Release|Any CPU
		{DF9ED272-2D7C-4E34-A668-00491BCE5AF5}.Debug|Any CPU.ActiveCfg = Debug|Any CPU
		{DF9ED272-2D7C-4E34-A668-00491BCE5AF5}.Debug|Any CPU.Build.0 = Debug|Any CPU
		{DF9ED272-2D7C-4E34-A668-00491BCE5AF5}.Debug|x64.ActiveCfg = Debug|Any CPU
		{DF9ED272-2D7C-4E34-A668-00491BCE5AF5}.Debug|x64.Build.0 = Debug|Any CPU
		{DF9ED272-2D7C-4E34-A668-00491BCE5AF5}.Debug|x86.ActiveCfg = Debug|Any CPU
		{DF9ED272-2D7C-4E34-A668-00491BCE5AF5}.Debug|x86.Build.0 = Debug|Any CPU
		{DF9ED272-2D7C-4E34-A668-00491BCE5AF5}.Release|Any CPU.ActiveCfg = Release|Any CPU
		{DF9ED272-2D7C-4E34-A668-00491BCE5AF5}.Release|Any CPU.Build.0 = Release|Any CPU
		{DF9ED272-2D7C-4E34-A668-00491BCE5AF5}.Release|x64.ActiveCfg = Release|Any CPU
		{DF9ED272-2D7C-4E34-A668-00491BCE5AF5}.Release|x64.Build.0 = Release|Any CPU
		{DF9ED272-2D7C-4E34-A668-00491BCE5AF5}.Release|x86.ActiveCfg = Release|Any CPU
		{DF9ED272-2D7C-4E34-A668-00491BCE5AF5}.Release|x86.Build.0 = Release|Any CPU
		{15E260F3-95CE-47FB-A8F2-75F3BC3BEC2B}.Debug|Any CPU.ActiveCfg = Debug|Any CPU
		{15E260F3-95CE-47FB-A8F2-75F3BC3BEC2B}.Debug|Any CPU.Build.0 = Debug|Any CPU
		{15E260F3-95CE-47FB-A8F2-75F3BC3BEC2B}.Debug|x64.ActiveCfg = Debug|Any CPU
		{15E260F3-95CE-47FB-A8F2-75F3BC3BEC2B}.Debug|x64.Build.0 = Debug|Any CPU
		{15E260F3-95CE-47FB-A8F2-75F3BC3BEC2B}.Debug|x86.ActiveCfg = Debug|Any CPU
		{15E260F3-95CE-47FB-A8F2-75F3BC3BEC2B}.Debug|x86.Build.0 = Debug|Any CPU
		{15E260F3-95CE-47FB-A8F2-75F3BC3BEC2B}.Release|Any CPU.ActiveCfg = Release|Any CPU
		{15E260F3-95CE-47FB-A8F2-75F3BC3BEC2B}.Release|Any CPU.Build.0 = Release|Any CPU
		{15E260F3-95CE-47FB-A8F2-75F3BC3BEC2B}.Release|x64.ActiveCfg = Release|Any CPU
		{15E260F3-95CE-47FB-A8F2-75F3BC3BEC2B}.Release|x64.Build.0 = Release|Any CPU
		{15E260F3-95CE-47FB-A8F2-75F3BC3BEC2B}.Release|x86.ActiveCfg = Release|Any CPU
		{15E260F3-95CE-47FB-A8F2-75F3BC3BEC2B}.Release|x86.Build.0 = Release|Any CPU
		{9A34E0E5-D692-486D-B88C-4FD37883C1AE}.Debug|Any CPU.ActiveCfg = Debug|Any CPU
		{9A34E0E5-D692-486D-B88C-4FD37883C1AE}.Debug|Any CPU.Build.0 = Debug|Any CPU
		{9A34E0E5-D692-486D-B88C-4FD37883C1AE}.Debug|x64.ActiveCfg = Debug|Any CPU
		{9A34E0E5-D692-486D-B88C-4FD37883C1AE}.Debug|x64.Build.0 = Debug|Any CPU
		{9A34E0E5-D692-486D-B88C-4FD37883C1AE}.Debug|x86.ActiveCfg = Debug|Any CPU
		{9A34E0E5-D692-486D-B88C-4FD37883C1AE}.Debug|x86.Build.0 = Debug|Any CPU
		{9A34E0E5-D692-486D-B88C-4FD37883C1AE}.Release|Any CPU.ActiveCfg = Release|Any CPU
		{9A34E0E5-D692-486D-B88C-4FD37883C1AE}.Release|Any CPU.Build.0 = Release|Any CPU
		{9A34E0E5-D692-486D-B88C-4FD37883C1AE}.Release|x64.ActiveCfg = Release|Any CPU
		{9A34E0E5-D692-486D-B88C-4FD37883C1AE}.Release|x64.Build.0 = Release|Any CPU
		{9A34E0E5-D692-486D-B88C-4FD37883C1AE}.Release|x86.ActiveCfg = Release|Any CPU
		{9A34E0E5-D692-486D-B88C-4FD37883C1AE}.Release|x86.Build.0 = Release|Any CPU
	EndGlobalSection
	GlobalSection(SolutionProperties) = preSolution
		HideSolutionNode = FALSE
	EndGlobalSection
	GlobalSection(NestedProjects) = preSolution
		{F1E65033-E0B8-436F-B465-FC47E931B694} = {827E0CD3-B72D-47B6-A68D-7590B98EB39B}
		{C9F99CB0-456B-442E-BFF2-BBCA3C21A70E} = {827E0CD3-B72D-47B6-A68D-7590B98EB39B}
		{DF9ED272-2D7C-4E34-A668-00491BCE5AF5} = {827E0CD3-B72D-47B6-A68D-7590B98EB39B}
		{15E260F3-95CE-47FB-A8F2-75F3BC3BEC2B} = {827E0CD3-B72D-47B6-A68D-7590B98EB39B}
		{9A34E0E5-D692-486D-B88C-4FD37883C1AE} = {0AB3BF05-4346-4AA6-1389-037BE0695223}
	EndGlobalSection
EndGlobal
